
Microsoft Visual Studio Solution File, Format Version 12.00
# Visual Studio Version 16
VisualStudioVersion = 16.0.29509.3
MinimumVisualStudioVersion = 10.0.40219.1
Project("{FAE04EC0-301F-11D3-BF4B-00C04F79EFBC}") = "PersonExample", "PersonExample\PersonExample.csproj", "{1999C2A5-E630-48D6-A71D-089FF471C87F}"
EndProject
Global
	GlobalSection(SolutionConfigurationPlatforms) = preSolution
		Debug|Any CPU = Debug|Any CPU
		Release|Any CPU = Release|Any CPU
	EndGlobalSection
	GlobalSection(ProjectConfigurationPlatforms) = postSolution
		{1999C2A5-E630-48D6-A71D-089FF471C87F}.Debug|Any CPU.ActiveCfg = Debug|Any CPU
		{1999C2A5-E630-48D6-A71D-089FF471C87F}.Debug|Any CPU.Build.0 = Debug|Any CPU
		{1999C2A5-E630-48D6-A71D-089FF471C87F}.Release|Any CPU.ActiveCfg = Release|Any CPU
		{1999C2A5-E630-48D6-A71D-089FF471C87F}.Release|Any CPU.Build.0 = Release|Any CPU
	EndGlobalSection
	GlobalSection(SolutionProperties) = preSolution
		HideSolutionNode = FALSE
	EndGlobalSection
	GlobalSection(ExtensibilityGlobals) = postSolution
		SolutionGuid = {5FE7BADF-7DC5-46A9-9F9E-F1A31C94BB9F}
	EndGlobalSection
EndGlobal
